// !$*UTF8*$!
{
	archiveVersion = 1;
	classes = {
	};
	objectVersion = 50;
	objects = {

/* Begin PBXBuildFile section */
		0D8117982190BA89009C7DD1 /* AppDelegate.m in Sources */ = {isa = PBXBuildFile; fileRef = 0D8117972190BA89009C7DD1 /* AppDelegate.m */; };
		0D81179B2190BA89009C7DD1 /* ViewController.m in Sources */ = {isa = PBXBuildFile; fileRef = 0D81179A2190BA89009C7DD1 /* ViewController.m */; };
		0D81179E2190BA89009C7DD1 /* Main.storyboard in Resources */ = {isa = PBXBuildFile; fileRef = 0D81179C2190BA89009C7DD1 /* Main.storyboard */; };
		0D8117A02190BA8B009C7DD1 /* Assets.xcassets in Resources */ = {isa = PBXBuildFile; fileRef = 0D81179F2190BA8B009C7DD1 /* Assets.xcassets */; };
		0D8117A32190BA8B009C7DD1 /* LaunchScreen.storyboard in Resources */ = {isa = PBXBuildFile; fileRef = 0D8117A12190BA8B009C7DD1 /* LaunchScreen.storyboard */; };
		0D8117A62190BA8B009C7DD1 /* main.m in Sources */ = {isa = PBXBuildFile; fileRef = 0D8117A52190BA8B009C7DD1 /* main.m */; };
		0D8117B02190BA8B009C7DD1 /* E_Commerce_App_Project__Tabbed_Tests.m in Sources */ = {isa = PBXBuildFile; fileRef = 0D8117AF2190BA8B009C7DD1 /* E_Commerce_App_Project__Tabbed_Tests.m */; };
		0D8117BB2190BA8B009C7DD1 /* E_Commerce_App_Project__Tabbed_UITests.m in Sources */ = {isa = PBXBuildFile; fileRef = 0D8117BA2190BA8B009C7DD1 /* E_Commerce_App_Project__Tabbed_UITests.m */; };
/* End PBXBuildFile section */

/* Begin PBXContainerItemProxy section */
		0D8117AC2190BA8B009C7DD1 /* PBXContainerItemProxy */ = {
			isa = PBXContainerItemProxy;
			containerPortal = 0D81178B2190BA89009C7DD1 /* Project object */;
			proxyType = 1;
			remoteGlobalIDString = 0D8117922190BA89009C7DD1;
			remoteInfo = "E-Commerce App Project (Tabbed)";
		};
		0D8117B72190BA8B009C7DD1 /* PBXContainerItemProxy */ = {
			isa = PBXContainerItemProxy;
			containerPortal = 0D81178B2190BA89009C7DD1 /* Project object */;
			proxyType = 1;
			remoteGlobalIDString = 0D8117922190BA89009C7DD1;
			remoteInfo = "E-Commerce App Project (Tabbed)";
		};
/* End PBXContainerItemProxy section */

/* Begin PBXFileReference section */
		0D8117932190BA89009C7DD1 /* E-Commerce App Project (Tabbed).app */ = {isa = PBXFileReference; explicitFileType = wrapper.application; includeInIndex = 0; path = "E-Commerce App Project (Tabbed).app"; sourceTree = BUILT_PRODUCTS_DIR; };
		0D8117962190BA89009C7DD1 /* AppDelegate.h */ = {isa = PBXFileReference; lastKnownFileType = sourcecode.c.h; path = AppDelegate.h; sourceTree = "<group>"; };
		0D8117972190BA89009C7DD1 /* AppDelegate.m */ = {isa = PBXFileReference; lastKnownFileType = sourcecode.c.objc; path = AppDelegate.m; sourceTree = "<group>"; };
		0D8117992190BA89009C7DD1 /* ViewController.h */ = {isa = PBXFileReference; lastKnownFileType = sourcecode.c.h; path = ViewController.h; sourceTree = "<group>"; };
		0D81179A2190BA89009C7DD1 /* ViewController.m */ = {isa = PBXFileReference; lastKnownFileType = sourcecode.c.objc; path = ViewController.m; sourceTree = "<group>"; };
		0D81179D2190BA89009C7DD1 /* Base */ = {isa = PBXFileReference; lastKnownFileType = file.storyboard; name = Base; path = Base.lproj/Main.storyboard; sourceTree = "<group>"; };
		0D81179F2190BA8B009C7DD1 /* Assets.xcassets */ = {isa = PBXFileReference; lastKnownFileType = folder.assetcatalog; path = Assets.xcassets; sourceTree = "<group>"; };
		0D8117A22190BA8B009C7DD1 /* Base */ = {isa = PBXFileReference; lastKnownFileType = file.storyboard; name = Base; path = Base.lproj/LaunchScreen.storyboard; sourceTree = "<group>"; };
		0D8117A42190BA8B009C7DD1 /* Info.plist */ = {isa = PBXFileReference; lastKnownFileType = text.plist.xml; path = Info.plist; sourceTree = "<group>"; };
		0D8117A52190BA8B009C7DD1 /* main.m */ = {isa = PBXFileReference; lastKnownFileType = sourcecode.c.objc; path = main.m; sourceTree = "<group>"; };
		0D8117AB2190BA8B009C7DD1 /* E-Commerce App Project (Tabbed)Tests.xctest */ = {isa = PBXFileReference; explicitFileType = wrapper.cfbundle; includeInIndex = 0; path = "E-Commerce App Project (Tabbed)Tests.xctest"; sourceTree = BUILT_PRODUCTS_DIR; };
		0D8117AF2190BA8B009C7DD1 /* E_Commerce_App_Project__Tabbed_Tests.m */ = {isa = PBXFileReference; lastKnownFileType = sourcecode.c.objc; path = E_Commerce_App_Project__Tabbed_Tests.m; sourceTree = "<group>"; };
		0D8117B12190BA8B009C7DD1 /* Info.plist */ = {isa = PBXFileReference; lastKnownFileType = text.plist.xml; path = Info.plist; sourceTree = "<group>"; };
		0D8117B62190BA8B009C7DD1 /* E-Commerce App Project (Tabbed)UITests.xctest */ = {isa = PBXFileReference; explicitFileType = wrapper.cfbundle; includeInIndex = 0; path = "E-Commerce App Project (Tabbed)UITests.xctest"; sourceTree = BUILT_PRODUCTS_DIR; };
		0D8117BA2190BA8B009C7DD1 /* E_Commerce_App_Project__Tabbed_UITests.m */ = {isa = PBXFileReference; lastKnownFileType = sourcecode.c.objc; path = E_Commerce_App_Project__Tabbed_UITests.m; sourceTree = "<group>"; };
		0D8117BC2190BA8B009C7DD1 /* Info.plist */ = {isa = PBXFileReference; lastKnownFileType = text.plist.xml; path = Info.plist; sourceTree = "<group>"; };
/* End PBXFileReference section */

/* Begin PBXFrameworksBuildPhase section */
		0D8117902190BA89009C7DD1 /* Frameworks */ = {
			isa = PBXFrameworksBuildPhase;
			buildActionMask = 2147483647;
			files = (
			);
			runOnlyForDeploymentPostprocessing = 0;
		};
		0D8117A82190BA8B009C7DD1 /* Frameworks */ = {
			isa = PBXFrameworksBuildPhase;
			buildActionMask = 2147483647;
			files = (
			);
			runOnlyForDeploymentPostprocessing = 0;
		};
		0D8117B32190BA8B009C7DD1 /* Frameworks */ = {
			isa = PBXFrameworksBuildPhase;
			buildActionMask = 2147483647;
			files = (
			);
			runOnlyForDeploymentPostprocessing = 0;
		};
/* End PBXFrameworksBuildPhase section */

/* Begin PBXGroup section */
		0D81178A2190BA89009C7DD1 = {
			isa = PBXGroup;
			children = (
				0D8117952190BA89009C7DD1 /* E-Commerce App Project (Tabbed) */,
				0D8117AE2190BA8B009C7DD1 /* E-Commerce App Project (Tabbed)Tests */,
				0D8117B92190BA8B009C7DD1 /* E-Commerce App Project (Tabbed)UITests */,
				0D8117942190BA89009C7DD1 /* Products */,
			);
			sourceTree = "<group>";
		};
		0D8117942190BA89009C7DD1 /* Products */ = {
			isa = PBXGroup;
			children = (
				0D8117932190BA89009C7DD1 /* E-Commerce App Project (Tabbed).app */,
				0D8117AB2190BA8B009C7DD1 /* E-Commerce App Project (Tabbed)Tests.xctest */,
				0D8117B62190BA8B009C7DD1 /* E-Commerce App Project (Tabbed)UITests.xctest */,
			);
			name = Products;
			sourceTree = "<group>";
		};
		0D8117952190BA89009C7DD1 /* E-Commerce App Project (Tabbed) */ = {
			isa = PBXGroup;
			children = (
				0D8117962190BA89009C7DD1 /* AppDelegate.h */,
				0D8117972190BA89009C7DD1 /* AppDelegate.m */,
				0D8117992190BA89009C7DD1 /* ViewController.h */,
				0D81179A2190BA89009C7DD1 /* ViewController.m */,
				0D81179C2190BA89009C7DD1 /* Main.storyboard */,
				0D81179F2190BA8B009C7DD1 /* Assets.xcassets */,
				0D8117A12190BA8B009C7DD1 /* LaunchScreen.storyboard */,
				0D8117A42190BA8B009C7DD1 /* Info.plist */,
				0D8117A52190BA8B009C7DD1 /* main.m */,
			);
			path = "E-Commerce App Project (Tabbed)";
			sourceTree = "<group>";
		};
		0D8117AE2190BA8B009C7DD1 /* E-Commerce App Project (Tabbed)Tests */ = {
			isa = PBXGroup;
			children = (
				0D8117AF2190BA8B009C7DD1 /* E_Commerce_App_Project__Tabbed_Tests.m */,
				0D8117B12190BA8B009C7DD1 /* Info.plist */,
			);
			path = "E-Commerce App Project (Tabbed)Tests";
			sourceTree = "<group>";
		};
		0D8117B92190BA8B009C7DD1 /* E-Commerce App Project (Tabbed)UITests */ = {
			isa = PBXGroup;
			children = (
				0D8117BA2190BA8B009C7DD1 /* E_Commerce_App_Project__Tabbed_UITests.m */,
				0D8117BC2190BA8B009C7DD1 /* Info.plist */,
			);
			path = "E-Commerce App Project (Tabbed)UITests";
			sourceTree = "<group>";
		};
/* End PBXGroup section */

/* Begin PBXNativeTarget section */
		0D8117922190BA89009C7DD1 /* E-Commerce App Project (Tabbed) */ = {
			isa = PBXNativeTarget;
			buildConfigurationList = 0D8117BF2190BA8B009C7DD1 /* Build configuration list for PBXNativeTarget "E-Commerce App Project (Tabbed)" */;
			buildPhases = (
				0D81178F2190BA89009C7DD1 /* Sources */,
				0D8117902190BA89009C7DD1 /* Frameworks */,
				0D8117912190BA89009C7DD1 /* Resources */,
			);
			buildRules = (
			);
			dependencies = (
			);
			name = "E-Commerce App Project (Tabbed)";
			productName = "E-Commerce App Project (Tabbed)";
			productReference = 0D8117932190BA89009C7DD1 /* E-Commerce App Project (Tabbed).app */;
			productType = "com.apple.product-type.application";
		};
		0D8117AA2190BA8B009C7DD1 /* E-Commerce App Project (Tabbed)Tests */ = {
			isa = PBXNativeTarget;
			buildConfigurationList = 0D8117C22190BA8B009C7DD1 /* Build configuration list for PBXNativeTarget "E-Commerce App Project (Tabbed)Tests" */;
			buildPhases = (
				0D8117A72190BA8B009C7DD1 /* Sources */,
				0D8117A82190BA8B009C7DD1 /* Frameworks */,
				0D8117A92190BA8B009C7DD1 /* Resources */,
			);
			buildRules = (
			);
			dependencies = (
				0D8117AD2190BA8B009C7DD1 /* PBXTargetDependency */,
			);
			name = "E-Commerce App Project (Tabbed)Tests";
			productName = "E-Commerce App Project (Tabbed)Tests";
			productReference = 0D8117AB2190BA8B009C7DD1 /* E-Commerce App Project (Tabbed)Tests.xctest */;
			productType = "com.apple.product-type.bundle.unit-test";
		};
		0D8117B52190BA8B009C7DD1 /* E-Commerce App Project (Tabbed)UITests */ = {
			isa = PBXNativeTarget;
			buildConfigurationList = 0D8117C52190BA8B009C7DD1 /* Build configuration list for PBXNativeTarget "E-Commerce App Project (Tabbed)UITests" */;
			buildPhases = (
				0D8117B22190BA8B009C7DD1 /* Sources */,
				0D8117B32190BA8B009C7DD1 /* Frameworks */,
				0D8117B42190BA8B009C7DD1 /* Resources */,
			);
			buildRules = (
			);
			dependencies = (
				0D8117B82190BA8B009C7DD1 /* PBXTargetDependency */,
			);
			name = "E-Commerce App Project (Tabbed)UITests";
			productName = "E-Commerce App Project (Tabbed)UITests";
			productReference = 0D8117B62190BA8B009C7DD1 /* E-Commerce App Project (Tabbed)UITests.xctest */;
			productType = "com.apple.product-type.bundle.ui-testing";
		};
/* End PBXNativeTarget section */

/* Begin PBXProject section */
		0D81178B2190BA89009C7DD1 /* Project object */ = {
			isa = PBXProject;
			attributes = {
				LastUpgradeCheck = 1010;
				ORGANIZATIONNAME = "Rony Banik";
				TargetAttributes = {
					0D8117922190BA89009C7DD1 = {
						CreatedOnToolsVersion = 10.1;
					};
					0D8117AA2190BA8B009C7DD1 = {
						CreatedOnToolsVersion = 10.1;
						TestTargetID = 0D8117922190BA89009C7DD1;
					};
					0D8117B52190BA8B009C7DD1 = {
						CreatedOnToolsVersion = 10.1;
						TestTargetID = 0D8117922190BA89009C7DD1;
					};
				};
			};
			buildConfigurationList = 0D81178E2190BA89009C7DD1 /* Build configuration list for PBXProject "E-Commerce App Project (Tabbed)" */;
			compatibilityVersion = "Xcode 9.3";
			developmentRegion = en;
			hasScannedForEncodings = 0;
			knownRegions = (
				en,
				Base,
			);
			mainGroup = 0D81178A2190BA89009C7DD1;
			productRefGroup = 0D8117942190BA89009C7DD1 /* Products */;
			projectDirPath = "";
			projectRoot = "";
			targets = (
				0D8117922190BA89009C7DD1 /* E-Commerce App Project (Tabbed) */,
				0D8117AA2190BA8B009C7DD1 /* E-Commerce App Project (Tabbed)Tests */,
				0D8117B52190BA8B009C7DD1 /* E-Commerce App Project (Tabbed)UITests */,
			);
		};
/* End PBXProject section */

/* Begin PBXResourcesBuildPhase section */
		0D8117912190BA89009C7DD1 /* Resources */ = {
			isa = PBXResourcesBuildPhase;
			buildActionMask = 2147483647;
			files = (
				0D8117A32190BA8B009C7DD1 /* LaunchScreen.storyboard in Resources */,
				0D8117A02190BA8B009C7DD1 /* Assets.xcassets in Resources */,
				0D81179E2190BA89009C7DD1 /* Main.storyboard in Resources */,
			);
			runOnlyForDeploymentPostprocessing = 0;
		};
		0D8117A92190BA8B009C7DD1 /* Resources */ = {
			isa = PBXResourcesBuildPhase;
			buildActionMask = 2147483647;
			files = (
			);
			runOnlyForDeploymentPostprocessing = 0;
		};
		0D8117B42190BA8B009C7DD1 /* Resources */ = {
			isa = PBXResourcesBuildPhase;
			buildActionMask = 2147483647;
			files = (
			);
			runOnlyForDeploymentPostprocessing = 0;
		};
/* End PBXResourcesBuildPhase section */

/* Begin PBXSourcesBuildPhase section */
		0D81178F2190BA89009C7DD1 /* Sources */ = {
			isa = PBXSourcesBuildPhase;
			buildActionMask = 2147483647;
			files = (
				0D81179B2190BA89009C7DD1 /* ViewController.m in Sources */,
				0D8117A62190BA8B009C7DD1 /* main.m in Sources */,
				0D8117982190BA89009C7DD1 /* AppDelegate.m in Sources */,
			);
			runOnlyForDeploymentPostprocessing = 0;
		};
		0D8117A72190BA8B009C7DD1 /* Sources */ = {
			isa = PBXSourcesBuildPhase;
			buildActionMask = 2147483647;
			files = (
				0D8117B02190BA8B009C7DD1 /* E_Commerce_App_Project__Tabbed_Tests.m in Sources */,
			);
			runOnlyForDeploymentPostprocessing = 0;
		};
		0D8117B22190BA8B009C7DD1 /* Sources */ = {
			isa = PBXSourcesBuildPhase;
			buildActionMask = 2147483647;
			files = (
				0D8117BB2190BA8B009C7DD1 /* E_Commerce_App_Project__Tabbed_UITests.m in Sources */,
			);
			runOnlyForDeploymentPostprocessing = 0;
		};
/* End PBXSourcesBuildPhase section */

/* Begin PBXTargetDependency section */
		0D8117AD2190BA8B009C7DD1 /* PBXTargetDependency */ = {
			isa = PBXTargetDependency;
			target = 0D8117922190BA89009C7DD1 /* E-Commerce App Project (Tabbed) */;
			targetProxy = 0D8117AC2190BA8B009C7DD1 /* PBXContainerItemProxy */;
		};
		0D8117B82190BA8B009C7DD1 /* PBXTargetDependency */ = {
			isa = PBXTargetDependency;
			target = 0D8117922190BA89009C7DD1 /* E-Commerce App Project (Tabbed) */;
			targetProxy = 0D8117B72190BA8B009C7DD1 /* PBXContainerItemProxy */;
		};
/* End PBXTargetDependency section */

/* Begin PBXVariantGroup section */
		0D81179C2190BA89009C7DD1 /* Main.storyboard */ = {
			isa = PBXVariantGroup;
			children = (
				0D81179D2190BA89009C7DD1 /* Base */,
			);
			name = Main.storyboard;
			sourceTree = "<group>";
		};
		0D8117A12190BA8B009C7DD1 /* LaunchScreen.storyboard */ = {
			isa = PBXVariantGroup;
			children = (
				0D8117A22190BA8B009C7DD1 /* Base */,
			);
			name = LaunchScreen.storyboard;
			sourceTree = "<group>";
		};
/* End PBXVariantGroup section */

/* Begin XCBuildConfiguration section */
		0D8117BD2190BA8B009C7DD1 /* Debug */ = {
			isa = XCBuildConfiguration;
			buildSettings = {
				ALWAYS_SEARCH_USER_PATHS = NO;
				CLANG_ANALYZER_NONNULL = YES;
				CLANG_ANALYZER_NUMBER_OBJECT_CONVERSION = YES_AGGRESSIVE;
				CLANG_CXX_LANGUAGE_STANDARD = "gnu++14";
				CLANG_CXX_LIBRARY = "libc++";
				CLANG_ENABLE_MODULES = YES;
				CLANG_ENABLE_OBJC_ARC = YES;
				CLANG_ENABLE_OBJC_WEAK = YES;
				CLANG_WARN_BLOCK_CAPTURE_AUTORELEASING = YES;
				CLANG_WARN_BOOL_CONVERSION = YES;
				CLANG_WARN_COMMA = YES;
				CLANG_WARN_CONSTANT_CONVERSION = YES;
				CLANG_WARN_DEPRECATED_OBJC_IMPLEMENTATIONS = YES;
				CLANG_WARN_DIRECT_OBJC_ISA_USAGE = YES_ERROR;
				CLANG_WARN_DOCUMENTATION_COMMENTS = YES;
				CLANG_WARN_EMPTY_BODY = YES;
				CLANG_WARN_ENUM_CONVERSION = YES;
				CLANG_WARN_INFINITE_RECURSION = YES;
				CLANG_WARN_INT_CONVERSION = YES;
				CLANG_WARN_NON_LITERAL_NULL_CONVERSION = YES;
				CLANG_WARN_OBJC_IMPLICIT_RETAIN_SELF = YES;
				CLANG_WARN_OBJC_LITERAL_CONVERSION = YES;
				CLANG_WARN_OBJC_ROOT_CLASS = YES_ERROR;
				CLANG_WARN_RANGE_LOOP_ANALYSIS = YES;
				CLANG_WARN_STRICT_PROTOTYPES = YES;
				CLANG_WARN_SUSPICIOUS_MOVE = YES;
				CLANG_WARN_UNGUARDED_AVAILABILITY = YES_AGGRESSIVE;
				CLANG_WARN_UNREACHABLE_CODE = YES;
				CLANG_WARN__DUPLICATE_METHOD_MATCH = YES;
				CODE_SIGN_IDENTITY = "iPhone Developer";
				COPY_PHASE_STRIP = NO;
				DEBUG_INFORMATION_FORMAT = dwarf;
				ENABLE_STRICT_OBJC_MSGSEND = YES;
				ENABLE_TESTABILITY = YES;
				GCC_C_LANGUAGE_STANDARD = gnu11;
				GCC_DYNAMIC_NO_PIC = NO;
				GCC_NO_COMMON_BLOCKS = YES;
				GCC_OPTIMIZATION_LEVEL = 0;
				GCC_PREPROCESSOR_DEFINITIONS = (
					"DEBUG=1",
					"$(inherited)",
				);
				GCC_WARN_64_TO_32_BIT_CONVERSION = YES;
				GCC_WARN_ABOUT_RETURN_TYPE = YES_ERROR;
				GCC_WARN_UNDECLARED_SELECTOR = YES;
				GCC_WARN_UNINITIALIZED_AUTOS = YES_AGGRESSIVE;
				GCC_WARN_UNUSED_FUNCTION = YES;
				GCC_WARN_UNUSED_VARIABLE = YES;
				IPHONEOS_DEPLOYMENT_TARGET = 12.1;
				MTL_ENABLE_DEBUG_INFO = INCLUDE_SOURCE;
				MTL_FAST_MATH = YES;
				ONLY_ACTIVE_ARCH = YES;
				SDKROOT = iphoneos;
			};
			name = Debug;
		};
		0D8117BE2190BA8B009C7DD1 /* Release */ = {
			isa = XCBuildConfiguration;
			buildSettings = {
				ALWAYS_SEARCH_USER_PATHS = NO;
				CLANG_ANALYZER_NONNULL = YES;
				CLANG_ANALYZER_NUMBER_OBJECT_CONVERSION = YES_AGGRESSIVE;
				CLANG_CXX_LANGUAGE_STANDARD = "gnu++14";
				CLANG_CXX_LIBRARY = "libc++";
				CLANG_ENABLE_MODULES = YES;
				CLANG_ENABLE_OBJC_ARC = YES;
				CLANG_ENABLE_OBJC_WEAK = YES;
				CLANG_WARN_BLOCK_CAPTURE_AUTORELEASING = YES;
				CLANG_WARN_BOOL_CONVERSION = YES;
				CLANG_WARN_COMMA = YES;
				CLANG_WARN_CONSTANT_CONVERSION = YES;
				CLANG_WARN_DEPRECATED_OBJC_IMPLEMENTATIONS = YES;
				CLANG_WARN_DIRECT_OBJC_ISA_USAGE = YES_ERROR;
				CLANG_WARN_DOCUMENTATION_COMMENTS = YES;
				CLANG_WARN_EMPTY_BODY = YES;
				CLANG_WARN_ENUM_CONVERSION = YES;
				CLANG_WARN_INFINITE_RECURSION = YES;
				CLANG_WARN_INT_CONVERSION = YES;
				CLANG_WARN_NON_LITERAL_NULL_CONVERSION = YES;
				CLANG_WARN_OBJC_IMPLICIT_RETAIN_SELF = YES;
				CLANG_WARN_OBJC_LITERAL_CONVERSION = YES;
				CLANG_WARN_OBJC_ROOT_CLASS = YES_ERROR;
				CLANG_WARN_RANGE_LOOP_ANALYSIS = YES;
				CLANG_WARN_STRICT_PROTOTYPES = YES;
				CLANG_WARN_SUSPICIOUS_MOVE = YES;
				CLANG_WARN_UNGUARDED_AVAILABILITY = YES_AGGRESSIVE;
				CLANG_WARN_UNREACHABLE_CODE = YES;
				CLANG_WARN__DUPLICATE_METHOD_MATCH = YES;
				CODE_SIGN_IDENTITY = "iPhone Developer";
				COPY_PHASE_STRIP = NO;
				DEBUG_INFORMATION_FORMAT = "dwarf-with-dsym";
				ENABLE_NS_ASSERTIONS = NO;
				ENABLE_STRICT_OBJC_MSGSEND = YES;
				GCC_C_LANGUAGE_STANDARD = gnu11;
				GCC_NO_COMMON_BLOCKS = YES;
				GCC_WARN_64_TO_32_BIT_CONVERSION = YES;
				GCC_WARN_ABOUT_RETURN_TYPE = YES_ERROR;
				GCC_WARN_UNDECLARED_SELECTOR = YES;
				GCC_WARN_UNINITIALIZED_AUTOS = YES_AGGRESSIVE;
				GCC_WARN_UNUSED_FUNCTION = YES;
				GCC_WARN_UNUSED_VARIABLE = YES;
				IPHONEOS_DEPLOYMENT_TARGET = 12.1;
				MTL_ENABLE_DEBUG_INFO = NO;
				MTL_FAST_MATH = YES;
				SDKROOT = iphoneos;
				VALIDATE_PRODUCT = YES;
			};
			name = Release;
		};
		0D8117C02190BA8B009C7DD1 /* Debug */ = {
			isa = XCBuildConfiguration;
			buildSettings = {
				ASSETCATALOG_COMPILER_APPICON_NAME = AppIcon;
				CODE_SIGN_STYLE = Automatic;
				INFOPLIST_FILE = "E-Commerce App Project (Tabbed)/Info.plist";
				LD_RUNPATH_SEARCH_PATHS = (
					"$(inherited)",
					"@executable_path/Frameworks",
				);
				PRODUCT_BUNDLE_IDENTIFIER = "learning-ios-app-development.E-Commerce-App-Project--Tabbed-";
				PRODUCT_NAME = "$(TARGET_NAME)";
				TARGETED_DEVICE_FAMILY = "1,2";
			};
			name = Debug;
		};
		0D8117C12190BA8B009C7DD1 /* Release */ = {
			isa = XCBuildConfiguration;
			buildSettings = {
				ASSETCATALOG_COMPILER_APPICON_NAME = AppIcon;
				CODE_SIGN_STYLE = Automatic;
				INFOPLIST_FILE = "E-Commerce App Project (Tabbed)/Info.plist";
				LD_RUNPATH_SEARCH_PATHS = (
					"$(inherited)",
					"@executable_path/Frameworks",
				);
				PRODUCT_BUNDLE_IDENTIFIER = "learning-ios-app-development.E-Commerce-App-Project--Tabbed-";
				PRODUCT_NAME = "$(TARGET_NAME)";
				TARGETED_DEVICE_FAMILY = "1,2";
			};
			name = Release;
		};
		0D8117C32190BA8B009C7DD1 /* Debug */ = {
			isa = XCBuildConfiguration;
			buildSettings = {
				BUNDLE_LOADER = "$(TEST_HOST)";
				CODE_SIGN_STYLE = Automatic;
				INFOPLIST_FILE = "E-Commerce App Project (Tabbed)Tests/Info.plist";
				LD_RUNPATH_SEARCH_PATHS = (
					"$(inherited)",
					"@executable_path/Frameworks",
					"@loader_path/Frameworks",
				);
				PRODUCT_BUNDLE_IDENTIFIER = "learning-ios-app-development.E-Commerce-App-Project--Tabbed-Tests";
				PRODUCT_NAME = "$(TARGET_NAME)";
				TARGETED_DEVICE_FAMILY = "1,2";
				TEST_HOST = "$(BUILT_PRODUCTS_DIR)/E-Commerce App Project (Tabbed).app/E-Commerce App Project (Tabbed)";
			};
			name = Debug;
		};
		0D8117C42190BA8B009C7DD1 /* Release */ = {
			isa = XCBuildConfiguration;
			buildSettings = {
				BUNDLE_LOADER = "$(TEST_HOST)";
				CODE_SIGN_STYLE = Automatic;
				INFOPLIST_FILE = "E-Commerce App Project (Tabbed)Tests/Info.plist";
				LD_RUNPATH_SEARCH_PATHS = (
					"$(inherited)",
					"@executable_path/Frameworks",
					"@loader_path/Frameworks",
				);
				PRODUCT_BUNDLE_IDENTIFIER = "learning-ios-app-development.E-Commerce-App-Project--Tabbed-Tests";
				PRODUCT_NAME = "$(TARGET_NAME)";
				TARGETED_DEVICE_FAMILY = "1,2";
				TEST_HOST = "$(BUILT_PRODUCTS_DIR)/E-Commerce App Project (Tabbed).app/E-Commerce App Project (Tabbed)";
			};
			name = Release;
		};
		0D8117C62190BA8B009C7DD1 /* Debug */ = {
			isa = XCBuildConfiguration;
			buildSettings = {
				CODE_SIGN_STYLE = Automatic;
				INFOPLIST_FILE = "E-Commerce App Project (Tabbed)UITests/Info.plist";
				LD_RUNPATH_SEARCH_PATHS = (
					"$(inherited)",
					"@executable_path/Frameworks",
					"@loader_path/Frameworks",
				);
				PRODUCT_BUNDLE_IDENTIFIER = "learning-ios-app-development.E-Commerce-App-Project--Tabbed-UITests";
				PRODUCT_NAME = "$(TARGET_NAME)";
				TARGETED_DEVICE_FAMILY = "1,2";
				TEST_TARGET_NAME = "E-Commerce App Project (Tabbed)";
			};
			name = Debug;
		};
		0D8117C72190BA8B009C7DD1 /* Release */ = {
			isa = XCBuildConfiguration;
			buildSettings = {
				CODE_SIGN_STYLE = Automatic;
				INFOPLIST_FILE = "E-Commerce App Project (Tabbed)UITests/Info.plist";
				LD_RUNPATH_SEARCH_PATHS = (
					"$(inherited)",
					"@executable_path/Frameworks",
					"@loader_path/Frameworks",
				);
				PRODUCT_BUNDLE_IDENTIFIER = "learning-ios-app-development.E-Commerce-App-Project--Tabbed-UITests";
				PRODUCT_NAME = "$(TARGET_NAME)";
				TARGETED_DEVICE_FAMILY = "1,2";
				TEST_TARGET_NAME = "E-Commerce App Project (Tabbed)";
			};
			name = Release;
		};
/* End XCBuildConfiguration section */

/* Begin XCConfigurationList section */
		0D81178E2190BA89009C7DD1 /* Build configuration list for PBXProject "E-Commerce App Project (Tabbed)" */ = {
			isa = XCConfigurationList;
			buildConfigurations = (
				0D8117BD2190BA8B009C7DD1 /* Debug */,
				0D8117BE2190BA8B009C7DD1 /* Release */,
			);
			defaultConfigurationIsVisible = 0;
			defaultConfigurationName = Release;
		};
		0D8117BF2190BA8B009C7DD1 /* Build configuration list for PBXNativeTarget "E-Commerce App Project (Tabbed)" */ = {
			isa = XCConfigurationList;
			buildConfigurations = (
				0D8117C02190BA8B009C7DD1 /* Debug */,
				0D8117C12190BA8B009C7DD1 /* Release */,
			);
			defaultConfigurationIsVisible = 0;
			defaultConfigurationName = Release;
		};
		0D8117C22190BA8B009C7DD1 /* Build configuration list for PBXNativeTarget "E-Commerce App Project (Tabbed)Tests" */ = {
			isa = XCConfigurationList;
			buildConfigurations = (
				0D8117C32190BA8B009C7DD1 /* Debug */,
				0D8117C42190BA8B009C7DD1 /* Release */,
			);
			defaultConfigurationIsVisible = 0;
			defaultConfigurationName = Release;
		};
		0D8117C52190BA8B009C7DD1 /* Build configuration list for PBXNativeTarget "E-Commerce App Project (Tabbed)UITests" */ = {
			isa = XCConfigurationList;
			buildConfigurations = (
				0D8117C62190BA8B009C7DD1 /* Debug */,
				0D8117C72190BA8B009C7DD1 /* Release */,
			);
			defaultConfigurationIsVisible = 0;
			defaultConfigurationName = Release;
		};
/* End XCConfigurationList section */
	};
	rootObject = 0D81178B2190BA89009C7DD1 /* Project object */;
}
